# THIS IS AN AUTOGENERATED FILE. DO NOT EDIT THIS FILE DIRECTLY.
# yarn lockfile v1


"abbrev@1":
  "integrity" "sha512-nne9/IiQ/hzIhY6pdDnbBtz7DjPTKrY00P/zvPSm5pOFkl6xuGrGnXn/VtTNNfNtAfZ9/1RtehkszU9qcTii0Q=="
  "resolved" "https://registry.npmjs.org/abbrev/-/abbrev-1.1.1.tgz"
  "version" "1.1.1"

"alphabet@^1.0.0":
  "integrity" "sha1-DY+Byj94NVEm1yTRRUh+Hk7zd8A= sha512-On43lIAQXH/xji0z6ZAqXDvwLKtjn1VFwc7tvv/k0WXv1phlOPul7H+UWnZjNDsMwioAyppH+b74K4UGK/3m9A=="
  "resolved" "https://registry.npmjs.org/alphabet/-/alphabet-1.0.0.tgz"
  "version" "1.0.0"

"annois@^0.3.2":
  "integrity" "sha1-b2Fp7jdPhND9ANtYnFtAPbT5SwU= sha512-Emt82v8/kzEFmLhqyqtbZcb4OjjCn9LY7FW+xw4DgOG2mPYAscFOCkM5gu5f9jLP7tELW8Gttdaxz0VDpbqLvg=="
  "resolved" "https://registry.npmjs.org/annois/-/annois-0.3.2.tgz"
  "version" "0.3.2"

"annois@0.3.0":
  "integrity" "sha1-BcW8WQDoKGgX6IaEuOfjSKniQ0Q= sha512-75o3XxMC8zbrrBp6tloQk3KauIFgH3lVHyGzRfnK+m200lGqGp6ymy9HSbTEhpzy1Tvg/pPRKB7fXUu+cBZggA=="
  "resolved" "https://registry.npmjs.org/annois/-/annois-0.3.0.tgz"
  "version" "0.3.0"

"annotate@^0.9.1":
  "integrity" "sha1-ODA+ZWhE5MwXR2DjRDsjv2VHK9M= sha512-CM2lmCqBHw+L75Tb8YH3E98CrvgyatfEtdwrA9pEa0JUeoHpvhiJx8zq99ze7JXNStUpnJl7DD+dOapHHQDijg=="
  "resolved" "https://registry.npmjs.org/annotate/-/annotate-0.9.1.tgz"
  "version" "0.9.1"
  dependencies:
    "annois" "0.3.0"

"annozip@^0.2.6":
  "integrity" "sha1-4Yorw+KHHwYeC+yhwdGozQRlCZs= sha512-i7+XfWWyZ3NwWKNmw4arC0ny2ECwnCAYT1Mw1/KmSSP2yENLOe20mu2t36yqDOw/M6ZhKrPZDSQrmprVim3e+w=="
  "resolved" "https://registry.npmjs.org/annozip/-/annozip-0.2.6.tgz"
  "version" "0.2.6"
  dependencies:
    "annois" "^0.3.2"
    "annotate" "^0.9.1"

"ansi-styles@^4.1.0":
  "integrity" "sha512-zbB9rCJAT1rbjiVDb2hqKFHNYLxgtk8NURxZ3IZwD3F6NtxbXZQCnnSi1Lkx+IDohdPlFp222wVALIheZJQSEg=="
  "resolved" "https://registry.npmjs.org/ansi-styles/-/ansi-styles-4.3.0.tgz"
  "version" "4.3.0"
  dependencies:
    "color-convert" "^2.0.1"

"argparse@^1.0.7":
  "integrity" "sha512-o5Roy6tNG4SL/FOkCAN6RzjiakZS25RLYFrcMttJqbdd8BWrnA+fGz57iN5Pb06pvBGvl5gQ0B48dJlslXvoTg=="
  "resolved" "https://registry.npmjs.org/argparse/-/argparse-1.0.10.tgz"
  "version" "1.0.10"
  dependencies:
    "sprintf-js" "~1.0.2"

"array-each@^1.0.1":
  "integrity" "sha1-p5SvDAWrF1KEbudTofIRoFugxE8= sha512-zHjL5SZa68hkKHBFBK6DJCTtr9sfTCPCaph/L7tMSLcTFgy+zX7E+6q5UArbtOtMBCtxdICpfTCspRse+ywyXA=="
  "resolved" "https://registry.npmjs.org/array-each/-/array-each-1.0.1.tgz"
  "version" "1.0.1"

"array-slice@^1.0.0":
  "integrity" "sha512-B1qMD3RBP7O8o0H2KbrXDyB0IccejMF15+87Lvlor12ONPRHP6gTjXMNkt/d3ZuOGbAe66hFmaCfECI24Ufp6w=="
  "resolved" "https://registry.npmjs.org/array-slice/-/array-slice-1.1.0.tgz"
  "version" "1.1.0"

"async@~3.2.0":
  "integrity" "sha512-H0E+qZaDEfx/FY4t7iLRv1W2fFI6+pyCeTw1uN20AQPiwqwM6ojPxHxdLv4z8hi2DtnW9BOckSspLucW7pIE5g=="
  "resolved" "https://registry.npmjs.org/async/-/async-3.2.2.tgz"
  "version" "3.2.2"

"balanced-match@^1.0.0":
  "integrity" "sha512-3oSeUO0TMV67hN1AmbXsK4yaqU7tjiHlbxRDZOpH0KW9+CeX4bRAaX0Anxt0tx2MrpRpWwQaPwIlISEJhYU5Pw=="
  "resolved" "https://registry.npmjs.org/balanced-match/-/balanced-match-1.0.2.tgz"
  "version" "1.0.2"

"brace-expansion@^1.1.7":
  "integrity" "sha512-iCuPHDFgrHX7H2vEI/5xpz07zSHB00TpugqhmYtVmMO6518mCuRMoOYFldEBl0g187ufozdaHgWKcYFb61qGiA=="
  "resolved" "https://registry.npmjs.org/brace-expansion/-/brace-expansion-1.1.11.tgz"
  "version" "1.1.11"
  dependencies:
    "balanced-match" "^1.0.0"
    "concat-map" "0.0.1"

"braces@^3.0.1":
  "integrity" "sha512-b8um+L1RzM3WDSzvhm6gIz1yfTbBt6YTlcEKAvsmqCZZFw46z626lVj9j1yEPW33H5H+lBQpZMP1k8l+78Ha0A=="
  "resolved" "https://registry.npmjs.org/braces/-/braces-3.0.2.tgz"
  "version" "3.0.2"
  dependencies:
    "fill-range" "^7.0.1"

"chalk@~4.1.0":
  "integrity" "sha512-oKnbhFyRIXpUuez8iBMmyEa4nbj4IOQyuhc/wy9kY7/WVPcwIO9VA668Pu8RkO7+0G76SLROeyw9CpQ061i4mA=="
  "resolved" "https://registry.npmjs.org/chalk/-/chalk-4.1.2.tgz"
  "version" "4.1.2"
  dependencies:
    "ansi-styles" "^4.1.0"
    "supports-color" "^7.1.0"

"clone-function@>=1.0.1":
  "integrity" "sha1-QoRxk3dQvKnEjsv7wW9uIy90oD0= sha512-xI38lcQwn82379jMLIHwBKEhV4xItrSPB3tH9PC8TmEKzFlkj5zgwGcyzXN492GAtb2/IxDSjXellM0fdy3JwQ=="
  "resolved" "https://registry.npmjs.org/clone-function/-/clone-function-1.0.6.tgz"
  "version" "1.0.6"

"color-convert@^2.0.1":
  "integrity" "sha512-RRECPsj7iu/xb5oKYcsFHSppFNnsj/52OVTRKb4zP5onXwVF3zVmmToNcOfGC+CRDpfK/U584fMg38ZHCaElKQ=="
  "resolved" "https://registry.npmjs.org/color-convert/-/color-convert-2.0.1.tgz"
  "version" "2.0.1"
  dependencies:
    "color-name" "~1.1.4"

"color-name@~1.1.4":
  "integrity" "sha512-dOy+3AuW3a2wNbZHIuMZpTcgjGuLU/uBL/ubcZF9OXbDo8ff4O8yVp5Bf0efS8uEoYo5q4Fx7dY9OgQGXgAsQA=="
  "resolved" "https://registry.npmjs.org/color-name/-/color-name-1.1.4.tgz"
  "version" "1.1.4"

"colors@~1.1.2":
  "integrity" "sha1-FopHAXVran9RoSzgyXv6KMCE7WM= sha512-ENwblkFQpqqia6b++zLD/KUWafYlVY/UNnAp7oz7LY7E924wmpye416wBOmvv/HMWzl8gL1kJlfvId/1Dg176w=="
  "resolved" "https://registry.npmjs.org/colors/-/colors-1.1.2.tgz"
  "version" "1.1.2"

"concat-map@0.0.1":
  "integrity" "sha1-2Klr13/Wjfd5OnMDajug1UBdR3s= sha512-/Srv4dswyQNBfohGpz9o6Yb3Gz3SrUDqBH5rTuhGR7ahtlbYKnVxw2bCFMRljaA7EXHaXZ8wsHdodFvbkhKmqg=="
  "resolved" "https://registry.npmjs.org/concat-map/-/concat-map-0.0.1.tgz"
  "version" "0.0.1"

"dateformat@~3.0.3":
  "integrity" "sha512-jyCETtSl3VMZMWeRo7iY1FL19ges1t55hMo5yaam4Jrsm5EPL89UQkoQRyiI+Yf4k8r2ZpdngkV8hr1lIdjb3Q=="
  "resolved" "https://registry.npmjs.org/dateformat/-/dateformat-3.0.3.tgz"
  "version" "3.0.3"

"detect-file@^1.0.0":
  "integrity" "sha1-8NZtA2cqglyxtzvbP+YjEMjlUrc= sha512-DtCOLG98P007x7wiiOmfI0fi3eIKyWiLTGJ2MDnVi/E04lWGbf+JzrRHMm0rgIIZJGtHpKpbVgLWHrv8xXpc3Q=="
  "resolved" "https://registry.npmjs.org/detect-file/-/detect-file-1.0.0.tgz"
  "version" "1.0.0"

"esprima@^4.0.0":
  "integrity" "sha512-eGuFFw7Upda+g4p+QHvnW0RyTX/SVeJBDM/gCtMARO0cLuT2HcEKnTPvhjV6aGeqrCB/sbNop0Kszm0jsaWU4A=="
  "resolved" "https://registry.npmjs.org/esprima/-/esprima-4.0.1.tgz"
  "version" "4.0.1"

"eventemitter2@~0.4.13":
  "integrity" "sha1-j2G3XN4BKy6esoTUVFWDtWQ7Yas= sha512-K7J4xq5xAD5jHsGM5ReWXRTFa3JRGofHiMcVgQ8PRwgWxzjHpMWCIzsmyf60+mh8KLsqYPcjUMa0AC4hd6lPyQ=="
  "resolved" "https://registry.npmjs.org/eventemitter2/-/eventemitter2-0.4.14.tgz"
  "version" "0.4.14"

"exit@~0.1.2":
  "integrity" "sha1-BjJjj42HfMghB9MKD/8aF8uhzQw= sha512-Zk/eNKV2zbjpKzrsQ+n1G6poVbErQxJ0LBOJXaKZ1EViLzH+hrLu9cdXI4zw9dBQJslwBEpbQ2P1oS7nDxs6jQ=="
  "resolved" "https://registry.npmjs.org/exit/-/exit-0.1.2.tgz"
  "version" "0.1.2"

"expand-tilde@^2.0.0", "expand-tilde@^2.0.2":
  "integrity" "sha1-l+gBqgUt8CRU3kawK/YhZCzchQI= sha512-A5EmesHW6rfnZ9ysHQjPdJRni0SRar0tjtG5MNtm9n5TUvsYU8oozprtRD4AqHxcZWWlVuAmQo2nWKfN9oyjTw=="
  "resolved" "https://registry.npmjs.org/expand-tilde/-/expand-tilde-2.0.2.tgz"
  "version" "2.0.2"
  dependencies:
    "homedir-polyfill" "^1.0.1"

"extend@^3.0.2":
  "integrity" "sha512-fjquC59cD7CyW6urNXK0FBufkZcoiGG80wTuPujX590cB5Ttln20E2UB4S/WARVqhXffZl2LNgS+gQdPIIim/g=="
  "resolved" "https://registry.npmjs.org/extend/-/extend-3.0.2.tgz"
  "version" "3.0.2"

"fill-range@^7.0.1":
  "integrity" "sha512-qOo9F+dMUmC2Lcb4BbVvnKJxTPjCm+RRpe4gDuGrzkL7mEVl/djYSu2OdQ2Pa302N4oqkSg9ir6jaLWJ2USVpQ=="
  "resolved" "https://registry.npmjs.org/fill-range/-/fill-range-7.0.1.tgz"
  "version" "7.0.1"
  dependencies:
    "to-regex-range" "^5.0.1"

"findup-sync@^4.0.0":
  "integrity" "sha512-6jvvn/12IC4quLBL1KNokxC7wWTvYncaVUYSoxWw7YykPLuRrnv4qdHcSOywOI5RpkOVGeQRtWM8/q+G6W6qfQ=="
  "resolved" "https://registry.npmjs.org/findup-sync/-/findup-sync-4.0.0.tgz"
  "version" "4.0.0"
  dependencies:
    "detect-file" "^1.0.0"
    "is-glob" "^4.0.0"
    "micromatch" "^4.0.2"
    "resolve-dir" "^1.0.1"

"findup-sync@~0.3.0":
  "integrity" "sha1-N5MKpdgWt3fANEXhlmzGeQpMCxY= sha512-z8Nrwhi6wzxNMIbxlrTzuUW6KWuKkogZ/7OdDVq+0+kxn77KUH1nipx8iU6suqkHqc4y6n7a9A8IpmxY/pTjWg=="
  "resolved" "https://registry.npmjs.org/findup-sync/-/findup-sync-0.3.0.tgz"
  "version" "0.3.0"
  dependencies:
    "glob" "~5.0.0"

"fined@^1.2.0":
  "integrity" "sha512-ZYDqPLGxDkDhDZBjZBb+oD1+j0rA4E0pXY50eplAAOPg2N/gUBSSk5IM1/QhPfyVo19lJ+CvXpqfvk+b2p/8Ng=="
  "resolved" "https://registry.npmjs.org/fined/-/fined-1.2.0.tgz"
  "version" "1.2.0"
  dependencies:
    "expand-tilde" "^2.0.2"
    "is-plain-object" "^2.0.3"
    "object.defaults" "^1.1.0"
    "object.pick" "^1.2.0"
    "parse-filepath" "^1.0.1"

"flagged-respawn@^1.0.1":
  "integrity" "sha512-lNaHNVymajmk0OJMBn8fVUAU1BtDeKIqKoVhk4xAALB57aALg6b4W0MfJ/cUE0g9YBXy5XhSlPIpYIJ7HaY/3Q=="
  "resolved" "https://registry.npmjs.org/flagged-respawn/-/flagged-respawn-1.0.1.tgz"
  "version" "1.0.1"

"for-in@^1.0.1":
  "integrity" "sha1-gQaNKVqBQuwKxybG4iAMMPttXoA= sha512-7EwmXrOjyL+ChxMhmG5lnW9MPt1aIeZEwKhQzoBUdTV0N3zuwWDZYVJatDvZ2OyzPUvdIAZDsCetk3coyMfcnQ=="
  "resolved" "https://registry.npmjs.org/for-in/-/for-in-1.0.2.tgz"
  "version" "1.0.2"

"for-own@^1.0.0":
  "integrity" "sha1-xjMy9BXO3EsE2/5wz4NklMU8tEs= sha512-0OABksIGrxKK8K4kynWkQ7y1zounQxP+CWnyclVwj81KW3vlLlGUx57DKGcP/LH216GzqnstnPocF16Nxs0Ycg=="
  "resolved" "https://registry.npmjs.org/for-own/-/for-own-1.0.0.tgz"
  "version" "1.0.0"
  dependencies:
    "for-in" "^1.0.1"

"fs.realpath@^1.0.0":
  "integrity" "sha1-FQStJSMVjKpA20onh8sBQRmU6k8= sha512-OO0pH2lK6a0hZnAdau5ItzHPI6pUlvI7jMVnxUQRtw4owF2wk8lOSabtGDCTP4Ggrg2MbGnWO9X8K1t4+fGMDw=="
  "resolved" "https://registry.npmjs.org/fs.realpath/-/fs.realpath-1.0.0.tgz"
  "version" "1.0.0"

"function-bind@^1.1.1":
  "integrity" "sha512-yIovAzMX49sF8Yl58fSCWJ5svSLuaibPxXQJFLmBObTuCr0Mf1KiPopGM9NiFjiYBCbfaa2Fh6breQ6ANVTI0A=="
  "resolved" "https://registry.npmjs.org/function-bind/-/function-bind-1.1.1.tgz"
  "version" "1.1.1"

"getobject@~1.0.0":
  "integrity" "sha512-2zblDBaFcb3rB4rF77XVnuINOE2h2k/OnqXAiy0IrTxUfV1iFp3la33oAQVY9pCpWU268WFYVt2t71hlMuLsOg=="
  "resolved" "https://registry.npmjs.org/getobject/-/getobject-1.0.2.tgz"
  "version" "1.0.2"

"glob@^7.1.3", "glob@~7.1.6":
  "integrity" "sha512-OvD9ENzPLbegENnYP5UUfJIirTg4+XwMWGaQfQTY0JenxNvvIKP3U3/tAQSPIu/lHxXYSZmpXlUHeqAIdKzBLQ=="
  "resolved" "https://registry.npmjs.org/glob/-/glob-7.1.7.tgz"
  "version" "7.1.7"
  dependencies:
    "fs.realpath" "^1.0.0"
    "inflight" "^1.0.4"
    "inherits" "2"
    "minimatch" "^3.0.4"
    "once" "^1.3.0"
    "path-is-absolute" "^1.0.0"

"glob@~5.0.0":
  "integrity" "sha1-G8k2ueAvSmA/zCIuz3Yz0wuLk7E= sha512-c9IPMazfRITpmAAKi22dK1VKxGDX9ehhqfABDriL/lzO92xcUKEJPQHrVA/2YHSNFB4iFlykVmWvwo48nr3OxA=="
  "resolved" "https://registry.npmjs.org/glob/-/glob-5.0.15.tgz"
  "version" "5.0.15"
  dependencies:
    "inflight" "^1.0.4"
    "inherits" "2"
    "minimatch" "2 || 3"
    "once" "^1.3.0"
    "path-is-absolute" "^1.0.0"

"global-modules@^1.0.0":
  "integrity" "sha512-sKzpEkf11GpOFuw0Zzjzmt4B4UZwjOcG757PPvrfhxcLFbq0wpsgpOqxpxtxFiCG4DtG93M6XRVbF2oGdev7bg=="
  "resolved" "https://registry.npmjs.org/global-modules/-/global-modules-1.0.0.tgz"
  "version" "1.0.0"
  dependencies:
    "global-prefix" "^1.0.1"
    "is-windows" "^1.0.1"
    "resolve-dir" "^1.0.0"

"global-prefix@^1.0.1":
  "integrity" "sha1-2/dDxsFJklk8ZVVoy2btMsASLr4= sha512-5lsx1NUDHtSjfg0eHlmYvZKv8/nVqX4ckFbM+FrGcQ+04KWcWFo9P5MxPZYSzUvyzmdTbI7Eix8Q4IbELDqzKg=="
  "resolved" "https://registry.npmjs.org/global-prefix/-/global-prefix-1.0.2.tgz"
  "version" "1.0.2"
  dependencies:
    "expand-tilde" "^2.0.2"
    "homedir-polyfill" "^1.0.1"
    "ini" "^1.3.4"
    "is-windows" "^1.0.1"
    "which" "^1.2.14"

"grunt-cli@~1.4.3":
  "integrity" "sha512-9Dtx/AhVeB4LYzsViCjUQkd0Kw0McN2gYpdmGYKtE2a5Yt7v1Q+HYZVWhqXc/kGnxlMtqKDxSwotiGeFmkrCoQ=="
  "resolved" "https://registry.npmjs.org/grunt-cli/-/grunt-cli-1.4.3.tgz"
  "version" "1.4.3"
  dependencies:
    "grunt-known-options" "~2.0.0"
    "interpret" "~1.1.0"
    "liftup" "~3.0.1"
    "nopt" "~4.0.1"
    "v8flags" "~3.2.0"

"grunt-known-options@~2.0.0":
  "integrity" "sha512-GD7cTz0I4SAede1/+pAbmJRG44zFLPipVtdL9o3vqx9IEyb7b4/Y3s7r6ofI3CchR5GvYJ+8buCSioDv5dQLiA=="
  "resolved" "https://registry.npmjs.org/grunt-known-options/-/grunt-known-options-2.0.0.tgz"
  "version" "2.0.0"

"grunt-legacy-log-utils@~2.1.0":
  "integrity" "sha512-lwquaPXJtKQk0rUM1IQAop5noEpwFqOXasVoedLeNzaibf/OPWjKYvvdqnEHNmU+0T0CaReAXIbGo747ZD+Aaw=="
  "resolved" "https://registry.npmjs.org/grunt-legacy-log-utils/-/grunt-legacy-log-utils-2.1.0.tgz"
  "version" "2.1.0"
  dependencies:
    "chalk" "~4.1.0"
    "lodash" "~4.17.19"

"grunt-legacy-log@~3.0.0":
  "integrity" "sha512-GHZQzZmhyq0u3hr7aHW4qUH0xDzwp2YXldLPZTCjlOeGscAOWWPftZG3XioW8MasGp+OBRIu39LFx14SLjXRcA=="
  "resolved" "https://registry.npmjs.org/grunt-legacy-log/-/grunt-legacy-log-3.0.0.tgz"
  "version" "3.0.0"
  dependencies:
    "colors" "~1.1.2"
    "grunt-legacy-log-utils" "~2.1.0"
    "hooker" "~0.2.3"
    "lodash" "~4.17.19"

"grunt-legacy-util@~2.0.1":
  "integrity" "sha512-2bQiD4fzXqX8rhNdXkAywCadeqiPiay0oQny77wA2F3WF4grPJXCvAcyoWUJV+po/b15glGkxuSiQCK299UC2w=="
  "resolved" "https://registry.npmjs.org/grunt-legacy-util/-/grunt-legacy-util-2.0.1.tgz"
  "version" "2.0.1"
  dependencies:
    "async" "~3.2.0"
    "exit" "~0.1.2"
    "getobject" "~1.0.0"
    "hooker" "~0.2.3"
    "lodash" "~4.17.21"
    "underscore.string" "~3.3.5"
    "which" "~2.0.2"

"grunt@^1.1.0":
  "integrity" "sha512-mKwmo4X2d8/4c/BmcOETHek675uOqw0RuA/zy12jaspWqvTp4+ZeQF1W+OTpcbncnaBsfbQJ6l0l4j+Sn/GmaQ=="
  "resolved" "https://registry.npmjs.org/grunt/-/grunt-1.5.3.tgz"
  "version" "1.5.3"
  dependencies:
    "dateformat" "~3.0.3"
    "eventemitter2" "~0.4.13"
    "exit" "~0.1.2"
    "findup-sync" "~0.3.0"
    "glob" "~7.1.6"
    "grunt-cli" "~1.4.3"
    "grunt-known-options" "~2.0.0"
    "grunt-legacy-log" "~3.0.0"
    "grunt-legacy-util" "~2.0.1"
    "iconv-lite" "~0.4.13"
    "js-yaml" "~3.14.0"
    "minimatch" "~3.0.4"
    "mkdirp" "~1.0.4"
    "nopt" "~3.0.6"
    "rimraf" "~3.0.2"

"handlebars@^4.0.2":
  "integrity" "sha512-aAcXm5OAfE/8IXkcZvCepKU3VzW1/39Fb5ZuqMtgI/hT8X2YgoMvBY5dLhq/cpOvw7Lk1nK/UF71aLG/ZnVYRA=="
  "resolved" "https://registry.npmjs.org/handlebars/-/handlebars-4.7.7.tgz"
  "version" "4.7.7"
  dependencies:
    "minimist" "^1.2.5"
    "neo-async" "^2.6.0"
    "source-map" "^0.6.1"
    "wordwrap" "^1.0.0"
  optionalDependencies:
    "uglify-js" "^3.1.4"

"has-flag@^4.0.0":
  "integrity" "sha512-EykJT/Q1KjTWctppgIAgfSO0tKVuZUjhgMr17kqTumMl6Afv3EISleU7qZUzoXDFTAHTDC4NOoG/ZxU3EvlMPQ=="
  "resolved" "https://registry.npmjs.org/has-flag/-/has-flag-4.0.0.tgz"
  "version" "4.0.0"

"has@^1.0.3":
  "integrity" "sha512-f2dvO0VU6Oej7RkWJGrehjbzMAjFp5/VKPp5tTpWIV4JHHZK1/BxbFRtf/siA2SWTe09caDmVtYYzWEIbBS4zw=="
  "resolved" "https://registry.npmjs.org/has/-/has-1.0.3.tgz"
  "version" "1.0.3"
  dependencies:
    "function-bind" "^1.1.1"

"homedir-polyfill@^1.0.1":
  "integrity" "sha512-eSmmWE5bZTK2Nou4g0AI3zZ9rswp7GRKoKXS1BLUkvPviOqs4YTN1djQIqrXy9k5gEtdLPy86JjRwsNM9tnDcA=="
  "resolved" "https://registry.npmjs.org/homedir-polyfill/-/homedir-polyfill-1.0.3.tgz"
  "version" "1.0.3"
  dependencies:
    "parse-passwd" "^1.0.0"

"hooker@~0.2.3":
  "integrity" "sha1-uDT3I8xKJCqmWWNFnfbZhMXT2Vk= sha512-t+UerCsQviSymAInD01Pw+Dn/usmz1sRO+3Zk1+lx8eg+WKpD2ulcwWqHHL0+aseRBr+3+vIhiG1K1JTwaIcTA=="
  "resolved" "https://registry.npmjs.org/hooker/-/hooker-0.2.3.tgz"
  "version" "0.2.3"

"iconv-lite@~0.4.13":
  "integrity" "sha512-v3MXnZAcvnywkTUEZomIActle7RXXeedOR31wwl7VlyoXO4Qi9arvSenNQWne1TcRwhCL1HwLI21bEqdpj8/rA=="
  "resolved" "https://registry.npmjs.org/iconv-lite/-/iconv-lite-0.4.24.tgz"
  "version" "0.4.24"
  dependencies:
    "safer-buffer" ">= 2.1.2 < 3"

"inflight@^1.0.4":
  "integrity" "sha1-Sb1jMdfQLQwJvJEKEHW6gWW1bfk= sha512-k92I/b08q4wvFscXCLvqfsHCrjrF7yiXsQuIVvVE7N82W3+aqpzuUdBbfhWcy/FZR3/4IgflMgKLOsvPDrGCJA=="
  "resolved" "https://registry.npmjs.org/inflight/-/inflight-1.0.6.tgz"
  "version" "1.0.6"
  dependencies:
    "once" "^1.3.0"
    "wrappy" "1"

"inherits@2":
  "integrity" "sha512-k/vGaX4/Yla3WzyMCvTQOXYeIHvqOKtnqBduzTHpzpQZzAskKMhZ2K+EnBiSM9zGSoIFeMpXKxa4dYeZIQqewQ=="
  "resolved" "https://registry.npmjs.org/inherits/-/inherits-2.0.4.tgz"
  "version" "2.0.4"

"ini@^1.3.4":
  "integrity" "sha512-JV/yugV2uzW5iMRSiZAyDtQd+nxtUnjeLt0acNdw98kKLrvuRVyB80tsREOE7yvGVgalhZ6RNXCmEHkUKBKxew=="
  "resolved" "https://registry.npmjs.org/ini/-/ini-1.3.8.tgz"
  "version" "1.3.8"

"interpret@~1.1.0":
  "integrity" "sha1-ftGxQQxqDg94z5XTuEQMY/eLhhQ= sha512-CLM8SNMDu7C5psFCn6Wg/tgpj/bKAg7hc2gWqcuR9OD5Ft9PhBpIu8PLicPeis+xDd6YX2ncI8MCA64I9tftIA=="
  "resolved" "https://registry.npmjs.org/interpret/-/interpret-1.1.0.tgz"
  "version" "1.1.0"

"is-absolute@^1.0.0":
  "integrity" "sha512-dOWoqflvcydARa360Gvv18DZ/gRuHKi2NU/wU5X1ZFzdYfH29nkiNZsF3mp4OJ3H4yo9Mx8A/uAGNzpzPN3yBA=="
  "resolved" "https://registry.npmjs.org/is-absolute/-/is-absolute-1.0.0.tgz"
  "version" "1.0.0"
  dependencies:
    "is-relative" "^1.0.0"
    "is-windows" "^1.0.1"

"is-core-module@^2.2.0":
  "integrity" "sha512-vd15qHsaqrRL7dtH6QNuy0ndJmRDrS9HAM1CAiSifNUFv4x1a0CCVsj18hJ1mShxIG6T2i1sO78MkP56r0nYRw=="
  "resolved" "https://registry.npmjs.org/is-core-module/-/is-core-module-2.8.0.tgz"
  "version" "2.8.0"
  dependencies:
    "has" "^1.0.3"

"is-extglob@^2.1.1":
  "integrity" "sha1-qIwCU1eR8C7TfHahueqXc8gz+MI= sha512-SbKbANkN603Vi4jEZv49LeVJMn4yGwsbzZworEoyEiutsN3nJYdbO36zfhGJ6QEDpOZIFkDtnq5JRxmvl3jsoQ=="
  "resolved" "https://registry.npmjs.org/is-extglob/-/is-extglob-2.1.1.tgz"
  "version" "2.1.1"

"is-glob@^4.0.0":
  "integrity" "sha512-xelSayHH36ZgE7ZWhli7pW34hNbNl8Ojv5KVmkJD4hBdD3th8Tfk9vYasLM+mXWOZhFkgZfxhLSnrwRr4elSSg=="
  "resolved" "https://registry.npmjs.org/is-glob/-/is-glob-4.0.3.tgz"
  "version" "4.0.3"
  dependencies:
    "is-extglob" "^2.1.1"

"is-number@^7.0.0":
  "integrity" "sha512-41Cifkg6e8TylSpdtTpeLVMqvSBEVzTttHvERD741+pnZ8ANv0004MRL43QKPDlK9cGvNp6NZWZUBlbGXYxxng=="
  "resolved" "https://registry.npmjs.org/is-number/-/is-number-7.0.0.tgz"
  "version" "7.0.0"

"is-plain-object@^2.0.3", "is-plain-object@^2.0.4":
  "integrity" "sha512-h5PpgXkWitc38BBMYawTYMWJHFZJVnBquFE57xFpjB8pJFiF6gZ+bU+WyI/yqXiFR5mdLsgYNaPe8uao6Uv9Og=="
  "resolved" "https://registry.npmjs.org/is-plain-object/-/is-plain-object-2.0.4.tgz"
  "version" "2.0.4"
  dependencies:
    "isobject" "^3.0.1"

"is-relative@^1.0.0":
  "integrity" "sha512-Kw/ReK0iqwKeu0MITLFuj0jbPAmEiOsIwyIXvvbfa6QfmN9pkD1M+8pdk7Rl/dTKbH34/XBFMbgD4iMJhLQbGA=="
  "resolved" "https://registry.npmjs.org/is-relative/-/is-relative-1.0.0.tgz"
  "version" "1.0.0"
  dependencies:
    "is-unc-path" "^1.0.0"

"is-unc-path@^1.0.0":
  "integrity" "sha512-mrGpVd0fs7WWLfVsStvgF6iEJnbjDFZh9/emhRDcGWTduTfNHd9CHeUwH3gYIjdbwo4On6hunkztwOaAw0yllQ=="
  "resolved" "https://registry.npmjs.org/is-unc-path/-/is-unc-path-1.0.0.tgz"
  "version" "1.0.0"
  dependencies:
    "unc-path-regex" "^0.1.2"

"is-windows@^1.0.1":
  "integrity" "sha512-eXK1UInq2bPmjyX6e3VHIzMLobc4J94i4AWn+Hpq3OU5KkrRC96OAcR3PRJ/pGu6m8TRnBHP9dkXQVsT/COVIA=="
  "resolved" "https://registry.npmjs.org/is-windows/-/is-windows-1.0.2.tgz"
  "version" "1.0.2"

"isexe@^2.0.0":
  "integrity" "sha1-6PvzdNxVb/iUehDcsFctYz8s+hA= sha512-RHxMLp9lnKHGHRng9QFhRCMbYAcVpn69smSGcq3f36xjgVVWThj4qqLbTLlq7Ssj8B+fIQ1EuCEGI2lKsyQeIw=="
  "resolved" "https://registry.npmjs.org/isexe/-/isexe-2.0.0.tgz"
  "version" "2.0.0"

"isobject@^3.0.0", "isobject@^3.0.1":
  "integrity" "sha1-TkMekrEalzFjaqH5yNHMvP2reN8= sha512-WhB9zCku7EGTj/HQQRz5aUQEUeoQZH2bWcltRErOpymJ4boYE6wL9Tbr23krRPSZ+C5zqNSrSw+Cc7sZZ4b7vg=="
  "resolved" "https://registry.npmjs.org/isobject/-/isobject-3.0.1.tgz"
  "version" "3.0.1"

"js-yaml@~3.14.0":
  "integrity" "sha512-okMH7OXXJ7YrN9Ok3/SXrnu4iX9yOk+25nqX4imS2npuvTYDmo/QEZoqwZkYaIDk3jVvBOTOIEgEhaLOynBS9g=="
  "resolved" "https://registry.npmjs.org/js-yaml/-/js-yaml-3.14.1.tgz"
  "version" "3.14.1"
  dependencies:
    "argparse" "^1.0.7"
    "esprima" "^4.0.0"

"kind-of@^6.0.2":
  "integrity" "sha512-dcS1ul+9tmeD95T+x28/ehLgd9mENa3LsvDTtzm3vyBEO7RPptvAD+t44WVXaUjTBRcrpFeFlC8WCruUR456hw=="
  "resolved" "https://registry.npmjs.org/kind-of/-/kind-of-6.0.3.tgz"
  "version" "6.0.3"

"libumd@^0.7.0":
  "integrity" "sha1-9D765q2YTOSSjB81b1GdEuyPm3Y= sha512-4LW+Phke45d0V2rsQ7BfL4MaLWSsjRRLB7zLRxKnEo9ptM1ho1vvWZuvX060T92xDuvEDpG88nDci29T4PYVIA=="
  "resolved" "https://registry.npmjs.org/libumd/-/libumd-0.7.0.tgz"
  "version" "0.7.0"
  dependencies:
    "alphabet" "^1.0.0"
    "annois" "^0.3.2"
    "annozip" "^0.2.6"
    "handlebars" "^4.0.2"
    "object-merge" "^2.5.1"

"liftup@~3.0.1":
  "integrity" "sha512-yRHaiQDizWSzoXk3APcA71eOI/UuhEkNN9DiW2Tt44mhYzX4joFoCZlxsSOF7RyeLlfqzFLQI1ngFq3ggMPhOw=="
  "resolved" "https://registry.npmjs.org/liftup/-/liftup-3.0.1.tgz"
  "version" "3.0.1"
  dependencies:
    "extend" "^3.0.2"
    "findup-sync" "^4.0.0"
    "fined" "^1.2.0"
    "flagged-respawn" "^1.0.1"
    "is-plain-object" "^2.0.4"
    "object.map" "^1.0.1"
    "rechoir" "^0.7.0"
    "resolve" "^1.19.0"

"lodash@~4.17.19", "lodash@~4.17.21":
  "integrity" "sha512-v2kDEe57lecTulaDIuNTPy3Ry4gLGJ6Z1O3vE1krgXZNrsQ+LFTGHVxVjcXPs17LhbZVGedAJv8XZ1tvj5FvSg=="
  "resolved" "https://registry.npmjs.org/lodash/-/lodash-4.17.21.tgz"
  "version" "4.17.21"

"make-iterator@^1.0.0":
  "integrity" "sha512-pxiuXh0iVEq7VM7KMIhs5gxsfxCux2URptUQaXo4iZZJxBAzTPOLE2BumO5dbfVYq/hBJFBR/a1mFDmOx5AGmw=="
  "resolved" "https://registry.npmjs.org/make-iterator/-/make-iterator-1.0.1.tgz"
  "version" "1.0.1"
  dependencies:
    "kind-of" "^6.0.2"

"map-cache@^0.2.0":
  "integrity" "sha1-wyq9C9ZSXZsFFkW7TyasXcmKDb8= sha512-8y/eV9QQZCiyn1SprXSrCmqJN0yNRATe+PO8ztwqrvrbdRLA3eYJF0yaR0YayLWkMbsQSKWS9N2gPcGEc4UsZg=="
  "resolved" "https://registry.npmjs.org/map-cache/-/map-cache-0.2.2.tgz"
  "version" "0.2.2"

"micromatch@^4.0.2":
  "integrity" "sha512-pRmzw/XUcwXGpD9aI9q/0XOwLNygjETJ8y0ao0wdqprrzDa4YnxLcz7fQRZr8voh8V10kGhABbNcHVk5wHgWwg=="
  "resolved" "https://registry.npmjs.org/micromatch/-/micromatch-4.0.4.tgz"
  "version" "4.0.4"
  dependencies:
    "braces" "^3.0.1"
    "picomatch" "^2.2.3"

"minimatch@^3.0.4", "minimatch@~3.0.4", "minimatch@2 || 3":
  "integrity" "sha512-yJHVQEhyqPLUTgt9B83PXu6W3rx4MvvHvSUvToogpwoGDOUQ+yDrR0HRot+yOCdCO7u4hX3pWft6kWBBcqh0UA=="
  "resolved" "https://registry.npmjs.org/minimatch/-/minimatch-3.0.4.tgz"
  "version" "3.0.4"
  dependencies:
    "brace-expansion" "^1.1.7"

"minimist@^1.2.5":
  "integrity" "sha512-Jsjnk4bw3YJqYzbdyBiNsPWHPfO++UGG749Cxs6peCu5Xg4nrena6OVxOYxrQTqww0Jmwt+Ref8rggumkTLz9Q=="
  "resolved" "https://registry.npmjs.org/minimist/-/minimist-1.2.6.tgz"
  "version" "1.2.6"

"mkdirp@~1.0.4":
  "integrity" "sha512-vVqVZQyf3WLx2Shd0qJ9xuvqgAyKPLAiqITEtqW0oIUjzo3PePDd6fW9iFz30ef7Ysp/oiWqbhszeGWW2T6Gzw=="
  "resolved" "https://registry.npmjs.org/mkdirp/-/mkdirp-1.0.4.tgz"
  "version" "1.0.4"

"neo-async@^2.6.0":
  "integrity" "sha512-Yd3UES5mWCSqR+qNT93S3UoYUkqAZ9lLg8a7g9rimsWmYGK8cVToA4/sF3RrshdyV3sAGMXVUmpMYOw+dLpOuw=="
  "resolved" "https://registry.npmjs.org/neo-async/-/neo-async-2.6.2.tgz"
  "version" "2.6.2"

"nopt@~3.0.6":
  "integrity" "sha1-xkZdvwirzU2zWTF/eaxopkayj/k= sha512-4GUt3kSEYmk4ITxzB/b9vaIDfUVWN/Ml1Fwl11IlnIG2iaJ9O6WXZ9SrYM9NLI8OCBieN2Y8SWC2oJV0RQ7qYg=="
  "resolved" "https://registry.npmjs.org/nopt/-/nopt-3.0.6.tgz"
  "version" "3.0.6"
  dependencies:
    "abbrev" "1"

"nopt@~4.0.1":
  "integrity" "sha512-CvaGwVMztSMJLOeXPrez7fyfObdZqNUK1cPAEzLHrTybIua9pMdmmPR5YwtfNftIOMv3DPUhFaxsZMNTQO20Kg=="
  "resolved" "https://registry.npmjs.org/nopt/-/nopt-4.0.3.tgz"
  "version" "4.0.3"
  dependencies:
    "abbrev" "1"
    "osenv" "^0.1.4"

"object-foreach@>=0.1.2":
  "integrity" "sha1-10IcW0DjtqPvV6xiQ2jSHY+NLew= sha512-q9B0lqCsKtLtvE00OvHR0RgiyRsNOk33wMI1g1NdVJLUlUI4CWfNHY8XUThuXpfxTbb/dut4yAYfNYDjiiBMtQ=="
  "resolved" "https://registry.npmjs.org/object-foreach/-/object-foreach-0.1.2.tgz"
  "version" "0.1.2"

"object-merge@^2.5.1":
  "integrity" "sha1-B36JFc446nKUeIRIxd0znjTfQic= sha512-kTM4Q/vbloBFJxfbEI0qW6gOJV78k8irJlr1R9l15dWOfAkxtjarevZJyXxJlAEUWuz1wa7ni7eRgVujP0m8TA=="
  "resolved" "https://registry.npmjs.org/object-merge/-/object-merge-2.5.1.tgz"
  "version" "2.5.1"
  dependencies:
    "clone-function" ">=1.0.1"
    "object-foreach" ">=0.1.2"

"object.defaults@^1.1.0":
  "integrity" "sha1-On+GgzS0B96gbaFtiNXNKeQ1/s8= sha512-c/K0mw/F11k4dEUBMW8naXUuBuhxRCfG7W+yFy8EcijU/rSmazOUd1XAEEe6bC0OuXY4HUKjTJv7xbxIMqdxrA=="
  "resolved" "https://registry.npmjs.org/object.defaults/-/object.defaults-1.1.0.tgz"
  "version" "1.1.0"
  dependencies:
    "array-each" "^1.0.1"
    "array-slice" "^1.0.0"
    "for-own" "^1.0.0"
    "isobject" "^3.0.0"

"object.map@^1.0.1":
  "integrity" "sha1-z4Plncj8wK1fQlDh94s7gb2AHTc= sha512-3+mAJu2PLfnSVGHwIWubpOFLscJANBKuB/6A4CxBstc4aqwQY0FWcsppuy4jU5GSB95yES5JHSI+33AWuS4k6w=="
  "resolved" "https://registry.npmjs.org/object.map/-/object.map-1.0.1.tgz"
  "version" "1.0.1"
  dependencies:
    "for-own" "^1.0.0"
    "make-iterator" "^1.0.0"

"object.pick@^1.2.0":
  "integrity" "sha1-h6EKxMFpS9Lhy/U1kaZhQftd10c= sha512-tqa/UMy/CCoYmj+H5qc07qvSL9dqcs/WZENZ1JbtWBlATP+iVOe778gE6MSijnyCnORzDuX6hU+LA4SZ09YjFQ=="
  "resolved" "https://registry.npmjs.org/object.pick/-/object.pick-1.3.0.tgz"
  "version" "1.3.0"
  dependencies:
    "isobject" "^3.0.1"

"once@^1.3.0":
  "integrity" "sha1-WDsap3WWHUsROsF9nFC6753Xa9E= sha512-lNaJgI+2Q5URQBkccEKHTQOPaXdUxnZZElQTZY0MFUAuaEqe1E+Nyvgdz/aIyNi6Z9MzO5dv1H8n58/GELp3+w=="
  "resolved" "https://registry.npmjs.org/once/-/once-1.4.0.tgz"
  "version" "1.4.0"
  dependencies:
    "wrappy" "1"

"os-homedir@^1.0.0":
  "integrity" "sha1-/7xJiDNuDoM94MFox+8VISGqf7M= sha512-B5JU3cabzk8c67mRRd3ECmROafjYMXbuzlwtqdM8IbS8ktlTix8aFGb2bAGKrSRIlnfKwovGUUr72JUPyOb6kQ=="
  "resolved" "https://registry.npmjs.org/os-homedir/-/os-homedir-1.0.2.tgz"
  "version" "1.0.2"

"os-tmpdir@^1.0.0":
  "integrity" "sha1-u+Z0BseaqFxc/sdm/lc0VV36EnQ= sha512-D2FR03Vir7FIu45XBY20mTb+/ZSWB00sjU9jdQXt83gDrI4Ztz5Fs7/yy74g2N5SVQY4xY1qDr4rNddwYRVX0g=="
  "resolved" "https://registry.npmjs.org/os-tmpdir/-/os-tmpdir-1.0.2.tgz"
  "version" "1.0.2"

"osenv@^0.1.4":
  "integrity" "sha512-0CWcCECdMVc2Rw3U5w9ZjqX6ga6ubk1xDVKxtBQPK7wis/0F2r9T6k4ydGYhecl7YUBxBVxhL5oisPsNxAPe2g=="
  "resolved" "https://registry.npmjs.org/osenv/-/osenv-0.1.5.tgz"
  "version" "0.1.5"
  dependencies:
    "os-homedir" "^1.0.0"
    "os-tmpdir" "^1.0.0"

"parse-filepath@^1.0.1":
  "integrity" "sha1-pjISf1Oq89FYdvWHLz/6x2PWyJE= sha512-FwdRXKCohSVeXqwtYonZTXtbGJKrn+HNyWDYVcp5yuJlesTwNH4rsmRZ+GrKAPJ5bLpRxESMeS+Rl0VCHRvB2Q=="
  "resolved" "https://registry.npmjs.org/parse-filepath/-/parse-filepath-1.0.2.tgz"
  "version" "1.0.2"
  dependencies:
    "is-absolute" "^1.0.0"
    "map-cache" "^0.2.0"
    "path-root" "^0.1.1"

"parse-passwd@^1.0.0":
  "integrity" "sha1-bVuTSkVpk7I9N/QKOC1vFmao5cY= sha512-1Y1A//QUXEZK7YKz+rD9WydcE1+EuPr6ZBgKecAB8tmoW6UFv0NREVJe1p+jRxtThkcbbKkfwIbWJe/IeE6m2Q=="
  "resolved" "https://registry.npmjs.org/parse-passwd/-/parse-passwd-1.0.0.tgz"
  "version" "1.0.0"

"path-is-absolute@^1.0.0":
  "integrity" "sha1-F0uSaHNVNP+8es5r9TpanhtcX18= sha512-AVbw3UJ2e9bq64vSaS9Am0fje1Pa8pbGqTTsmXfaIiMpnr5DlDhfJOuLj9Sf95ZPVDAUerDfEk88MPmPe7UCQg=="
  "resolved" "https://registry.npmjs.org/path-is-absolute/-/path-is-absolute-1.0.1.tgz"
  "version" "1.0.1"

"path-parse@^1.0.6":
  "integrity" "sha512-LDJzPVEEEPR+y48z93A0Ed0yXb8pAByGWo/k5YYdYgpY2/2EsOsksJrq7lOHxryrVOn1ejG6oAp8ahvOIQD8sw=="
  "resolved" "https://registry.npmjs.org/path-parse/-/path-parse-1.0.7.tgz"
  "version" "1.0.7"

"path-root-regex@^0.1.0":
  "integrity" "sha1-v8zcjfWxLcUsi0PsONGNcsBLqW0= sha512-4GlJ6rZDhQZFE0DPVKh0e9jmZ5egZfxTkp7bcRDuPlJXbAwhxcl2dINPUAsjLdejqaLsCeg8axcLjIbvBjN4pQ=="
  "resolved" "https://registry.npmjs.org/path-root-regex/-/path-root-regex-0.1.2.tgz"
  "version" "0.1.2"

"path-root@^0.1.1":
  "integrity" "sha1-mkpoFMrBwM1zNgqV8yCDyOpHRbc= sha512-QLcPegTHF11axjfojBIoDygmS2E3Lf+8+jI6wOVmNVenrKSo3mFdSGiIgdSHenczw3wPtlVMQaFVwGmM7BJdtg=="
  "resolved" "https://registry.npmjs.org/path-root/-/path-root-0.1.1.tgz"
  "version" "0.1.1"
  dependencies:
    "path-root-regex" "^0.1.0"

"picomatch@^2.2.3":
  "integrity" "sha512-lY1Q/PiJGC2zOv/z391WOTD+Z02bCgsFfvxoXXf6h7kv9o+WmsmzYqrAwY63sNgOxE4xEdq0WyUnXfKeBrSvYw=="
  "resolved" "https://registry.npmjs.org/picomatch/-/picomatch-2.3.0.tgz"
  "version" "2.3.0"

"rechoir@^0.7.0":
  "integrity" "sha512-/njmZ8s1wVeR6pjTZ+0nCnv8SpZNRMT2D1RLOJQESlYFDBvwpTA4KWJpZ+sBJ4+vhjILRcK7JIFdGCdxEAAitg=="
  "resolved" "https://registry.npmjs.org/rechoir/-/rechoir-0.7.1.tgz"
  "version" "0.7.1"
  dependencies:
    "resolve" "^1.9.0"

"resolve-dir@^1.0.0", "resolve-dir@^1.0.1":
  "integrity" "sha1-eaQGRMNivoLybv/nOcm7U4IEb0M= sha512-R7uiTjECzvOsWSfdM0QKFNBVFcK27aHOUwdvK53BcW8zqnGdYp0Fbj82cy54+2A4P2tFM22J5kRfe1R+lM/1yg=="
  "resolved" "https://registry.npmjs.org/resolve-dir/-/resolve-dir-1.0.1.tgz"
  "version" "1.0.1"
  dependencies:
    "expand-tilde" "^2.0.0"
    "global-modules" "^1.0.0"

"resolve@^1.19.0", "resolve@^1.9.0":
  "integrity" "sha512-wENBPt4ySzg4ybFQW2TT1zMQucPK95HSh/nq2CFTZVOGut2+pQvSsgtda4d26YrYcr067wjbmzOG8byDPBX63A=="
  "resolved" "https://registry.npmjs.org/resolve/-/resolve-1.20.0.tgz"
  "version" "1.20.0"
  dependencies:
    "is-core-module" "^2.2.0"
    "path-parse" "^1.0.6"

"rimraf@~3.0.2":
  "integrity" "sha512-JZkJMZkAGFFPP2YqXZXPbMlMBgsxzE8ILs4lMIX/2o0L9UBw9O/Y3o6wFw/i9YLapcUJWwqbi3kdxIPdC62TIA=="
  "resolved" "https://registry.npmjs.org/rimraf/-/rimraf-3.0.2.tgz"
  "version" "3.0.2"
  dependencies:
    "glob" "^7.1.3"

"safer-buffer@>= 2.1.2 < 3":
  "integrity" "sha512-YZo3K82SD7Riyi0E1EQPojLz7kpepnSQI9IyPbHHg1XXXevb5dJI7tpyN2ADxGcQbHG7vcyRHk0cbwqcQriUtg=="
  "resolved" "https://registry.npmjs.org/safer-buffer/-/safer-buffer-2.1.2.tgz"
  "version" "2.1.2"

"source-map@^0.6.1":
  "integrity" "sha512-UjgapumWlbMhkBgzT7Ykc5YXUT46F0iKu8SGXq0bcwP5dz/h0Plj6enJqjz1Zbq2l5WaqYnrVbwWOWMyF3F47g=="
  "resolved" "https://registry.npmjs.org/source-map/-/source-map-0.6.1.tgz"
  "version" "0.6.1"

"sprintf-js@^1.0.3", "sprintf-js@~1.0.2":
  "integrity" "sha1-BOaSb2YolTVPPdAVIDYzuFcpfiw= sha512-D9cPgkvLlV3t3IzL0D0YLvGA9Ahk4PcvVwUbN0dSGr1aP0Nrt4AEnTUbuGvquEC0mA64Gqt1fzirlRs5ibXx8g=="
  "resolved" "https://registry.npmjs.org/sprintf-js/-/sprintf-js-1.0.3.tgz"
  "version" "1.0.3"

"supports-color@^7.1.0":
  "integrity" "sha512-qpCAvRl9stuOHveKsn7HncJRvv501qIacKzQlO/+Lwxc9+0q2wLyv4Dfvt80/DPn2pqOBsJdDiogXGR9+OvwRw=="
  "resolved" "https://registry.npmjs.org/supports-color/-/supports-color-7.2.0.tgz"
  "version" "7.2.0"
  dependencies:
    "has-flag" "^4.0.0"

"to-regex-range@^5.0.1":
  "integrity" "sha512-65P7iz6X5yEr1cwcgvQxbbIw7Uk3gOy5dIdtZ4rDveLqhrdJP+Li/Hx6tyK0NEb+2GCyneCMJiGqrADCSNk8sQ=="
  "resolved" "https://registry.npmjs.org/to-regex-range/-/to-regex-range-5.0.1.tgz"
  "version" "5.0.1"
  dependencies:
    "is-number" "^7.0.0"

"uglify-js@^3.1.4":
  "integrity" "sha512-qZukoSxOG0urUTvjc2ERMTcAy+BiFh3weWAkeurLwjrCba73poHmG3E36XEjd/JGukMzwTL7uCxZiAexj8ppvQ=="
  "resolved" "https://registry.npmjs.org/uglify-js/-/uglify-js-3.14.5.tgz"
  "version" "3.14.5"

"unc-path-regex@^0.1.2":
  "integrity" "sha1-5z3T17DXxe2G+6xrCufYxqadUPo= sha512-eXL4nmJT7oCpkZsHZUOJo8hcX3GbsiDOa0Qu9F646fi8dT3XuSVopVqAcEiVzSKKH7UoDti23wNX3qGFxcW5Qg=="
  "resolved" "https://registry.npmjs.org/unc-path-regex/-/unc-path-regex-0.1.2.tgz"
  "version" "0.1.2"

"underscore.string@~3.3.5":
  "integrity" "sha512-g+dpmgn+XBneLmXXo+sGlW5xQEt4ErkS3mgeN2GFbremYeMBSJKr9Wf2KJplQVaiPY/f7FN6atosWYNm9ovrYg=="
  "resolved" "https://registry.npmjs.org/underscore.string/-/underscore.string-3.3.5.tgz"
  "version" "3.3.5"
  dependencies:
    "sprintf-js" "^1.0.3"
    "util-deprecate" "^1.0.2"

"underscore@^1.8.3":
  "integrity" "sha512-ekY1NhRzq0B08g4bGuX4wd2jZx5GnKz6mKSqFL4nqBlfyMGiG10gDFhDTMEfYmDL6Jy0FUIZp7wiRB+0BP7J2g=="
  "resolved" "https://registry.npmjs.org/underscore/-/underscore-1.13.2.tgz"
  "version" "1.13.2"

"util-deprecate@^1.0.2":
  "integrity" "sha1-RQ1Nyfpw3nMnYvvS1KKJgUGaDM8= sha512-EPD5q1uXyFxJpCrLnCc1nHnq3gOa6DZBocAIiI2TaSCA7VCJ1UJDMagCzIkXNsUYfD1daK//LTEQ8xiIbrHtcw=="
  "resolved" "https://registry.npmjs.org/util-deprecate/-/util-deprecate-1.0.2.tgz"
  "version" "1.0.2"

"v8flags@~3.2.0":
  "integrity" "sha512-mH8etigqMfiGWdeXpaaqGfs6BndypxusHHcv2qSHyZkGEznCd/qAXCWWRzeowtL54147cktFOC4P5y+kl8d8Jg=="
  "resolved" "https://registry.npmjs.org/v8flags/-/v8flags-3.2.0.tgz"
  "version" "3.2.0"
  dependencies:
    "homedir-polyfill" "^1.0.1"

"which@^1.2.14":
  "integrity" "sha512-HxJdYWq1MTIQbJ3nw0cqssHoTNU267KlrDuGZ1WYlxDStUtKUhOaJmh112/TZmHxxUfuJqPXSOm7tDyas0OSIQ=="
  "resolved" "https://registry.npmjs.org/which/-/which-1.3.1.tgz"
  "version" "1.3.1"
  dependencies:
    "isexe" "^2.0.0"

"which@~2.0.2":
  "integrity" "sha512-BLI3Tl1TW3Pvl70l3yq3Y64i+awpwXqsGBYWkkqMtnbXgrMD+yj7rhW0kuEDxzJaYXGjEW5ogapKNMEKNMjibA=="
  "resolved" "https://registry.npmjs.org/which/-/which-2.0.2.tgz"
  "version" "2.0.2"
  dependencies:
    "isexe" "^2.0.0"

"wordwrap@^1.0.0":
  "integrity" "sha1-J1hIEIkUVqQXHI0CJkQa3pDLyus= sha512-gvVzJFlPycKc5dZN4yPkP8w7Dc37BtP1yczEneOb4uq34pXZcvrtRTmWV8W+Ume+XCxKgbjM+nevkyFPMybd4Q=="
  "resolved" "https://registry.npmjs.org/wordwrap/-/wordwrap-1.0.0.tgz"
  "version" "1.0.0"

"wrappy@1":
  "integrity" "sha1-tSQ9jz7BqjXxNkYFvA0QNuMKtp8= sha512-l4Sp/DRseor9wL6EvV2+TuQn63dMkPjZ/sp9XkghTEbV9KlPS1xUsZ3u7/IQO4wxtcFB4bgpQPRcR3QCvezPcQ=="
  "resolved" "https://registry.npmjs.org/wrappy/-/wrappy-1.0.2.tgz"
  "version" "1.0.2"
